
Microsoft Visual Studio Solution File, Format Version 12.00
Project("{2150E333-8FDC-42A3-9474-1A3956D46DE8}") = ".github", ".github", "{1A7AB239-847B-437F-8A00-BE2B172105CC}"
	ProjectSection(SolutionItems) = preProject
		.github\workflows\docker-build-push-release.yml = .github\workflows\docker-build-push-release.yml
		.github\workflows\docker-build-push-dev.yml = .github\workflows\docker-build-push-dev.yml
	EndProjectSection
EndProject
Project("{FAE04EC0-301F-11D3-BF4B-00C04F79EFBC}") = "Circles.Index", "Circles.Index\Circles.Index.csproj", "{6B1B1D07-6A85-4502-877F-09776658100D}"
EndProject
Project("{FAE04EC0-301F-11D3-BF4B-00C04F79EFBC}") = "Circles.Index.CirclesV1", "Circles.Index.CirclesV1\Circles.Index.CirclesV1.csproj", "{2B7D2126-6D6F-4A5B-81A1-3E5F1A9645F6}"
EndProject
Project("{FAE04EC0-301F-11D3-BF4B-00C04F79EFBC}") = "Circles.Index.Common", "Circles.Index.Common\Circles.Index.Common.csproj", "{3B0594BF-32D3-4631-86D1-8498BA5983D9}"
EndProject
Project("{FAE04EC0-301F-11D3-BF4B-00C04F79EFBC}") = "Circles.Index.CirclesV2", "Circles.Index.CirclesV2\Circles.Index.CirclesV2.csproj", "{FF8E96F7-2903-4C0B-A443-19EA8D7FBB67}"
EndProject
Project("{2150E333-8FDC-42A3-9474-1A3956D46DE8}") = "docker", "docker", "{B30CB76D-01EE-4E92-AEE5-27224DA53350}"
	ProjectSection(SolutionItems) = preProject
		x64.Dockerfile = x64.Dockerfile
		arm64.Dockerfile = arm64.Dockerfile
		docker-compose.chiado.yml = docker-compose.chiado.yml
		.dockerignore = .dockerignore
		x64.debug.Dockerfile = x64.debug.Dockerfile
		.env.example = .env.example
		.gitmodules = .gitmodules
		.gitignore = .gitignore
		v2-example-requests.md = v2-example-requests.md
		v1-example-requests.md = v1-example-requests.md
		general-example-requests.md = general-example-requests.md
		all_tables.html = all_tables.html
		pathfinder-host.Dockerfile = pathfinder-host.Dockerfile
		docker-compose.gnosis.yml = docker-compose.gnosis.yml
		.env = .env
	EndProjectSection
EndProject
Project("{FAE04EC0-301F-11D3-BF4B-00C04F79EFBC}") = "Circles.Index.Postgres", "Circles.Index.Postgres\Circles.Index.Postgres.csproj", "{8ED5FCD0-0995-44E7-9A11-E0EB03BB0832}"
EndProject
Project("{FAE04EC0-301F-11D3-BF4B-00C04F79EFBC}") = "Circles.Index.CirclesV2.NameRegistry", "Circles.Index.CirclesV2.NameRegistry\Circles.Index.CirclesV2.NameRegistry.csproj", "{33D651AB-1C61-4A06-9C02-A144E7342317}"
EndProject
Project("{FAE04EC0-301F-11D3-BF4B-00C04F79EFBC}") = "Circles.Index.Rpc", "Circles.Index.Rpc\Circles.Index.Rpc.csproj", "{646C8BE3-405C-4390-8034-2F15B9994F62}"
EndProject
Project("{FAE04EC0-301F-11D3-BF4B-00C04F79EFBC}") = "Circles.Index.Query", "Circles.Index.Query\Circles.Index.Query.csproj", "{9B8A7804-7A89-412F-975D-102F9E728EB9}"
EndProject
Project("{FAE04EC0-301F-11D3-BF4B-00C04F79EFBC}") = "Circles.Index.Query.Tests", "Circles.Index.Query.Tests\Circles.Index.Query.Tests.csproj", "{A4BFF176-178E-4C8B-A7C1-DC7240F91E0D}"
EndProject
Project("{2150E333-8FDC-42A3-9474-1A3956D46DE8}") = "Schemas", "Schemas", "{64189094-62E5-48CA-BD66-1A7B82263BA8}"
EndProject
Project("{FAE04EC0-301F-11D3-BF4B-00C04F79EFBC}") = "Circles.Index.CirclesViews", "Circles.Index.CirclesViews\Circles.Index.CirclesViews.csproj", "{265A4516-DC59-4D8B-B097-36902108B143}"
EndProject
Project("{FAE04EC0-301F-11D3-BF4B-00C04F79EFBC}") = "Circles.Index.CirclesV2.StandardTreasury", "Circles.Index.CirclesV2.StandardTreasury\Circles.Index.CirclesV2.StandardTreasury.csproj", "{EF7DA6EC-7519-4DDA-8311-0B8649219AC8}"
EndProject
Project("{FAE04EC0-301F-11D3-BF4B-00C04F79EFBC}") = "Circles.Pathfinder", "Circles.Pathfinder\Circles.Pathfinder.csproj", "{756580B1-2D2A-4FFE-9711-046A10853003}"
EndProject
Project("{FAE04EC0-301F-11D3-BF4B-00C04F79EFBC}") = "Circles.Pathfinder.Tests", "Circles.Pathfinder.Tests\Circles.Pathfinder.Tests.csproj", "{62AB2354-6098-4C31-8C85-CFE07E704F93}"
EndProject
Project("{FAE04EC0-301F-11D3-BF4B-00C04F79EFBC}") = "Circles.Index.CirclesV2.LBP", "Circles.Index.CirclesV2.LBP\Circles.Index.CirclesV2.LBP.csproj", "{512FD06A-9C6F-46B9-BF61-F001E6DE6D78}"
EndProject
Project("{FAE04EC0-301F-11D3-BF4B-00C04F79EFBC}") = "Circles.Pathfinder.Host", "Circles.Pathfinder.Host\Circles.Pathfinder.Host.csproj", "{C22D722E-E75F-4CE5-93B3-879379F014B0}"
EndProject
Project("{FAE04EC0-301F-11D3-BF4B-00C04F79EFBC}") = "Circles.Index.CirclesV2.CMGroupDeployer", "Circles.Index.CirclesV2.CMGroupDeployer\Circles.Index.CirclesV2.CMGroupDeployer.csproj", "{1B6E6D23-C925-48CA-A51E-0D123BFAE302}"
EndProject
Project("{FAE04EC0-301F-11D3-BF4B-00C04F79EFBC}") = "Circles.Index.Safe", "Circles.Index.Safe\Circles.Index.Safe.csproj", "{2EBE576E-3DEC-4458-977D-88699673E6D6}"
EndProject
Project("{FAE04EC0-301F-11D3-BF4B-00C04F79EFBC}") = "Circles.Index.CirclesV1.NameRegistry", "Circles.Index.CirclesV1.NameRegistry\Circles.Index.CirclesV1.NameRegistry.csproj", "{C95155BB-B159-4A82-9503-F129A82D806B}"
EndProject
Project("{FAE04EC0-301F-11D3-BF4B-00C04F79EFBC}") = "Circles.Index.CirclesV2.BaseGroupDeployer", "Circles.Index.CirclesV2.BaseGroupDeployer\Circles.Index.CirclesV2.BaseGroupDeployer.csproj", "{58B46B62-06DF-4623-8ADF-3715523FED67}"
EndProject
Project("{FAE04EC0-301F-11D3-BF4B-00C04F79EFBC}") = "Circles.Index.Common.Tests", "Circles.Index.Common.Tests\Circles.Index.Common.Tests.csproj", "{79FDB94E-566E-4DB4-B978-C0EA46E0BC7D}"
EndProject
Project("{FAE04EC0-301F-11D3-BF4B-00C04F79EFBC}") = "Circles.Index.Profiles", "Circles.Index.Profiles\Circles.Index.Profiles.csproj", "{9B19F993-A119-43DA-A45F-195A645E757C}"
EndProject
Project("{FAE04EC0-301F-11D3-BF4B-00C04F79EFBC}") = "Circles.Index.ContractClient", "Circles.Index.ContractClient\Circles.Index.ContractClient.csproj", "{32C6C815-041E-472A-B748-458A5EE99065}"
EndProject
Project("{FAE04EC0-301F-11D3-BF4B-00C04F79EFBC}") = "Circles.Index.CirclesV2.AffiliateGroupRegistry", "Circles.Index.CirclesV2.AffiliateGroupRegistry\Circles.Index.CirclesV2.AffiliateGroupRegistry.csproj", "{6FE46CBA-EA43-412C-B5A1-6F395917A5F2}"
EndProject
Project("{FAE04EC0-301F-11D3-BF4B-00C04F79EFBC}") = "Circles.Index.CirclesV2.TokenOffers", "Circles.Index.CirclesV2.TokenOffers\Circles.Index.CirclesV2.TokenOffers.csproj", "{FFE61C6C-6023-44D4-A8EE-B7AC44983962}"
EndProject
Project("{FAE04EC0-301F-11D3-BF4B-00C04F79EFBC}") = "Circles.Index.CirclesV2.InvitationEscrow", "Circles.Index.CirclesV2.InvitationEscrow\Circles.Index.CirclesV2.InvitationEscrow.csproj", "{BF0F3BAD-DB2D-4E1F-A91A-78C47D67A589}"
EndProject
Project("{FAE04EC0-301F-11D3-BF4B-00C04F79EFBC}") = "Circles.Index.CirclesV2.OIC", "Circles.Index.CirclesV2.OIC\Circles.Index.CirclesV2.OIC.csproj", "{EC9D0C21-9AC9-4462-B123-684FF9D76411}"
EndProject
Project("{FAE04EC0-301F-11D3-BF4B-00C04F79EFBC}") = "Circles.Index.CirclesV2.PaymentGateway", "Circles.Index.CirclesV2.PaymentGateway\Circles.Index.CirclesV2.PaymentGateway.csproj", "{CFD35784-7CE5-49BD-9452-40F9A65149FD}"
EndProject
Project("{FAE04EC0-301F-11D3-BF4B-00C04F79EFBC}") = "Circles.Index.TrustMissingAvatars", "Circles.Index.TrustMissingAvatars\Circles.Index.TrustMissingAvatars.csproj", "{D1896720-D7A0-466D-8973-58C0B700F174}"
EndProject
Global
	GlobalSection(SolutionConfigurationPlatforms) = preSolution
		Debug|Any CPU = Debug|Any CPU
		Release|Any CPU = Release|Any CPU
	EndGlobalSection
	GlobalSection(ProjectConfigurationPlatforms) = postSolution
		{6B1B1D07-6A85-4502-877F-09776658100D}.Debug|Any CPU.ActiveCfg = Debug|Any CPU
		{6B1B1D07-6A85-4502-877F-09776658100D}.Debug|Any CPU.Build.0 = Debug|Any CPU
		{6B1B1D07-6A85-4502-877F-09776658100D}.Release|Any CPU.ActiveCfg = Release|Any CPU
		{6B1B1D07-6A85-4502-877F-09776658100D}.Release|Any CPU.Build.0 = Release|Any CPU
		{2B7D2126-6D6F-4A5B-81A1-3E5F1A9645F6}.Debug|Any CPU.ActiveCfg = Debug|Any CPU
		{2B7D2126-6D6F-4A5B-81A1-3E5F1A9645F6}.Debug|Any CPU.Build.0 = Debug|Any CPU
		{2B7D2126-6D6F-4A5B-81A1-3E5F1A9645F6}.Release|Any CPU.ActiveCfg = Release|Any CPU
		{2B7D2126-6D6F-4A5B-81A1-3E5F1A9645F6}.Release|Any CPU.Build.0 = Release|Any CPU
		{3B0594BF-32D3-4631-86D1-8498BA5983D9}.Debug|Any CPU.ActiveCfg = Debug|Any CPU
		{3B0594BF-32D3-4631-86D1-8498BA5983D9}.Debug|Any CPU.Build.0 = Debug|Any CPU
		{3B0594BF-32D3-4631-86D1-8498BA5983D9}.Release|Any CPU.ActiveCfg = Release|Any CPU
		{3B0594BF-32D3-4631-86D1-8498BA5983D9}.Release|Any CPU.Build.0 = Release|Any CPU
		{FF8E96F7-2903-4C0B-A443-19EA8D7FBB67}.Debug|Any CPU.ActiveCfg = Debug|Any CPU
		{FF8E96F7-2903-4C0B-A443-19EA8D7FBB67}.Debug|Any CPU.Build.0 = Debug|Any CPU
		{FF8E96F7-2903-4C0B-A443-19EA8D7FBB67}.Release|Any CPU.ActiveCfg = Release|Any CPU
		{FF8E96F7-2903-4C0B-A443-19EA8D7FBB67}.Release|Any CPU.Build.0 = Release|Any CPU
		{8ED5FCD0-0995-44E7-9A11-E0EB03BB0832}.Debug|Any CPU.ActiveCfg = Debug|Any CPU
		{8ED5FCD0-0995-44E7-9A11-E0EB03BB0832}.Debug|Any CPU.Build.0 = Debug|Any CPU
		{8ED5FCD0-0995-44E7-9A11-E0EB03BB0832}.Release|Any CPU.ActiveCfg = Release|Any CPU
		{8ED5FCD0-0995-44E7-9A11-E0EB03BB0832}.Release|Any CPU.Build.0 = Release|Any CPU
		{33D651AB-1C61-4A06-9C02-A144E7342317}.Debug|Any CPU.ActiveCfg = Debug|Any CPU
		{33D651AB-1C61-4A06-9C02-A144E7342317}.Debug|Any CPU.Build.0 = Debug|Any CPU
		{33D651AB-1C61-4A06-9C02-A144E7342317}.Release|Any CPU.ActiveCfg = Release|Any CPU
		{33D651AB-1C61-4A06-9C02-A144E7342317}.Release|Any CPU.Build.0 = Release|Any CPU
		{646C8BE3-405C-4390-8034-2F15B9994F62}.Debug|Any CPU.ActiveCfg = Debug|Any CPU
		{646C8BE3-405C-4390-8034-2F15B9994F62}.Debug|Any CPU.Build.0 = Debug|Any CPU
		{646C8BE3-405C-4390-8034-2F15B9994F62}.Release|Any CPU.ActiveCfg = Release|Any CPU
		{646C8BE3-405C-4390-8034-2F15B9994F62}.Release|Any CPU.Build.0 = Release|Any CPU
		{9B8A7804-7A89-412F-975D-102F9E728EB9}.Debug|Any CPU.ActiveCfg = Debug|Any CPU
		{9B8A7804-7A89-412F-975D-102F9E728EB9}.Debug|Any CPU.Build.0 = Debug|Any CPU
		{9B8A7804-7A89-412F-975D-102F9E728EB9}.Release|Any CPU.ActiveCfg = Release|Any CPU
		{9B8A7804-7A89-412F-975D-102F9E728EB9}.Release|Any CPU.Build.0 = Release|Any CPU
		{A4BFF176-178E-4C8B-A7C1-DC7240F91E0D}.Debug|Any CPU.ActiveCfg = Debug|Any CPU
		{A4BFF176-178E-4C8B-A7C1-DC7240F91E0D}.Debug|Any CPU.Build.0 = Debug|Any CPU
		{A4BFF176-178E-4C8B-A7C1-DC7240F91E0D}.Release|Any CPU.ActiveCfg = Release|Any CPU
		{A4BFF176-178E-4C8B-A7C1-DC7240F91E0D}.Release|Any CPU.Build.0 = Release|Any CPU
		{265A4516-DC59-4D8B-B097-36902108B143}.Debug|Any CPU.ActiveCfg = Debug|Any CPU
		{265A4516-DC59-4D8B-B097-36902108B143}.Debug|Any CPU.Build.0 = Debug|Any CPU
		{265A4516-DC59-4D8B-B097-36902108B143}.Release|Any CPU.ActiveCfg = Release|Any CPU
		{265A4516-DC59-4D8B-B097-36902108B143}.Release|Any CPU.Build.0 = Release|Any CPU
		{EF7DA6EC-7519-4DDA-8311-0B8649219AC8}.Debug|Any CPU.ActiveCfg = Debug|Any CPU
		{EF7DA6EC-7519-4DDA-8311-0B8649219AC8}.Debug|Any CPU.Build.0 = Debug|Any CPU
		{EF7DA6EC-7519-4DDA-8311-0B8649219AC8}.Release|Any CPU.ActiveCfg = Release|Any CPU
		{EF7DA6EC-7519-4DDA-8311-0B8649219AC8}.Release|Any CPU.Build.0 = Release|Any CPU
		{756580B1-2D2A-4FFE-9711-046A10853003}.Debug|Any CPU.ActiveCfg = Debug|Any CPU
		{756580B1-2D2A-4FFE-9711-046A10853003}.Debug|Any CPU.Build.0 = Debug|Any CPU
		{756580B1-2D2A-4FFE-9711-046A10853003}.Release|Any CPU.ActiveCfg = Release|Any CPU
		{756580B1-2D2A-4FFE-9711-046A10853003}.Release|Any CPU.Build.0 = Release|Any CPU
		{62AB2354-6098-4C31-8C85-CFE07E704F93}.Debug|Any CPU.ActiveCfg = Debug|Any CPU
		{62AB2354-6098-4C31-8C85-CFE07E704F93}.Debug|Any CPU.Build.0 = Debug|Any CPU
		{62AB2354-6098-4C31-8C85-CFE07E704F93}.Release|Any CPU.ActiveCfg = Release|Any CPU
		{62AB2354-6098-4C31-8C85-CFE07E704F93}.Release|Any CPU.Build.0 = Release|Any CPU
		{512FD06A-9C6F-46B9-BF61-F001E6DE6D78}.Debug|Any CPU.ActiveCfg = Debug|Any CPU
		{512FD06A-9C6F-46B9-BF61-F001E6DE6D78}.Debug|Any CPU.Build.0 = Debug|Any CPU
		{512FD06A-9C6F-46B9-BF61-F001E6DE6D78}.Release|Any CPU.ActiveCfg = Release|Any CPU
		{512FD06A-9C6F-46B9-BF61-F001E6DE6D78}.Release|Any CPU.Build.0 = Release|Any CPU
		{C22D722E-E75F-4CE5-93B3-879379F014B0}.Debug|Any CPU.ActiveCfg = Debug|Any CPU
		{C22D722E-E75F-4CE5-93B3-879379F014B0}.Debug|Any CPU.Build.0 = Debug|Any CPU
		{C22D722E-E75F-4CE5-93B3-879379F014B0}.Release|Any CPU.ActiveCfg = Release|Any CPU
		{C22D722E-E75F-4CE5-93B3-879379F014B0}.Release|Any CPU.Build.0 = Release|Any CPU
		{1B6E6D23-C925-48CA-A51E-0D123BFAE302}.Debug|Any CPU.ActiveCfg = Debug|Any CPU
		{1B6E6D23-C925-48CA-A51E-0D123BFAE302}.Debug|Any CPU.Build.0 = Debug|Any CPU
		{1B6E6D23-C925-48CA-A51E-0D123BFAE302}.Release|Any CPU.ActiveCfg = Release|Any CPU
		{1B6E6D23-C925-48CA-A51E-0D123BFAE302}.Release|Any CPU.Build.0 = Release|Any CPU
		{2EBE576E-3DEC-4458-977D-88699673E6D6}.Debug|Any CPU.ActiveCfg = Debug|Any CPU
		{2EBE576E-3DEC-4458-977D-88699673E6D6}.Debug|Any CPU.Build.0 = Debug|Any CPU
		{2EBE576E-3DEC-4458-977D-88699673E6D6}.Release|Any CPU.ActiveCfg = Release|Any CPU
		{2EBE576E-3DEC-4458-977D-88699673E6D6}.Release|Any CPU.Build.0 = Release|Any CPU
		{C95155BB-B159-4A82-9503-F129A82D806B}.Debug|Any CPU.ActiveCfg = Debug|Any CPU
		{C95155BB-B159-4A82-9503-F129A82D806B}.Debug|Any CPU.Build.0 = Debug|Any CPU
		{C95155BB-B159-4A82-9503-F129A82D806B}.Release|Any CPU.ActiveCfg = Release|Any CPU
		{C95155BB-B159-4A82-9503-F129A82D806B}.Release|Any CPU.Build.0 = Release|Any CPU
		{58B46B62-06DF-4623-8ADF-3715523FED67}.Debug|Any CPU.ActiveCfg = Debug|Any CPU
		{58B46B62-06DF-4623-8ADF-3715523FED67}.Debug|Any CPU.Build.0 = Debug|Any CPU
		{58B46B62-06DF-4623-8ADF-3715523FED67}.Release|Any CPU.ActiveCfg = Release|Any CPU
		{58B46B62-06DF-4623-8ADF-3715523FED67}.Release|Any CPU.Build.0 = Release|Any CPU
		{79FDB94E-566E-4DB4-B978-C0EA46E0BC7D}.Debug|Any CPU.ActiveCfg = Debug|Any CPU
		{79FDB94E-566E-4DB4-B978-C0EA46E0BC7D}.Debug|Any CPU.Build.0 = Debug|Any CPU
		{79FDB94E-566E-4DB4-B978-C0EA46E0BC7D}.Release|Any CPU.ActiveCfg = Release|Any CPU
		{79FDB94E-566E-4DB4-B978-C0EA46E0BC7D}.Release|Any CPU.Build.0 = Release|Any CPU
		{9B19F993-A119-43DA-A45F-195A645E757C}.Debug|Any CPU.ActiveCfg = Debug|Any CPU
		{9B19F993-A119-43DA-A45F-195A645E757C}.Debug|Any CPU.Build.0 = Debug|Any CPU
		{9B19F993-A119-43DA-A45F-195A645E757C}.Release|Any CPU.ActiveCfg = Release|Any CPU
		{9B19F993-A119-43DA-A45F-195A645E757C}.Release|Any CPU.Build.0 = Release|Any CPU
		{32C6C815-041E-472A-B748-458A5EE99065}.Debug|Any CPU.ActiveCfg = Debug|Any CPU
		{32C6C815-041E-472A-B748-458A5EE99065}.Debug|Any CPU.Build.0 = Debug|Any CPU
		{32C6C815-041E-472A-B748-458A5EE99065}.Release|Any CPU.ActiveCfg = Release|Any CPU
		{32C6C815-041E-472A-B748-458A5EE99065}.Release|Any CPU.Build.0 = Release|Any CPU
		{6FE46CBA-EA43-412C-B5A1-6F395917A5F2}.Debug|Any CPU.ActiveCfg = Debug|Any CPU
		{6FE46CBA-EA43-412C-B5A1-6F395917A5F2}.Debug|Any CPU.Build.0 = Debug|Any CPU
		{6FE46CBA-EA43-412C-B5A1-6F395917A5F2}.Release|Any CPU.ActiveCfg = Release|Any CPU
		{6FE46CBA-EA43-412C-B5A1-6F395917A5F2}.Release|Any CPU.Build.0 = Release|Any CPU
		{FFE61C6C-6023-44D4-A8EE-B7AC44983962}.Debug|Any CPU.ActiveCfg = Debug|Any CPU
		{FFE61C6C-6023-44D4-A8EE-B7AC44983962}.Debug|Any CPU.Build.0 = Debug|Any CPU
		{FFE61C6C-6023-44D4-A8EE-B7AC44983962}.Release|Any CPU.ActiveCfg = Release|Any CPU
		{FFE61C6C-6023-44D4-A8EE-B7AC44983962}.Release|Any CPU.Build.0 = Release|Any CPU
		{BF0F3BAD-DB2D-4E1F-A91A-78C47D67A589}.Debug|Any CPU.ActiveCfg = Debug|Any CPU
		{BF0F3BAD-DB2D-4E1F-A91A-78C47D67A589}.Debug|Any CPU.Build.0 = Debug|Any CPU
		{BF0F3BAD-DB2D-4E1F-A91A-78C47D67A589}.Release|Any CPU.ActiveCfg = Release|Any CPU
		{BF0F3BAD-DB2D-4E1F-A91A-78C47D67A589}.Release|Any CPU.Build.0 = Release|Any CPU
		{EC9D0C21-9AC9-4462-B123-684FF9D76411}.Debug|Any CPU.ActiveCfg = Debug|Any CPU
		{EC9D0C21-9AC9-4462-B123-684FF9D76411}.Debug|Any CPU.Build.0 = Debug|Any CPU
		{EC9D0C21-9AC9-4462-B123-684FF9D76411}.Release|Any CPU.ActiveCfg = Release|Any CPU
		{EC9D0C21-9AC9-4462-B123-684FF9D76411}.Release|Any CPU.Build.0 = Release|Any CPU
		{CFD35784-7CE5-49BD-9452-40F9A65149FD}.Debug|Any CPU.ActiveCfg = Debug|Any CPU
		{CFD35784-7CE5-49BD-9452-40F9A65149FD}.Debug|Any CPU.Build.0 = Debug|Any CPU
		{CFD35784-7CE5-49BD-9452-40F9A65149FD}.Release|Any CPU.ActiveCfg = Release|Any CPU
		{CFD35784-7CE5-49BD-9452-40F9A65149FD}.Release|Any CPU.Build.0 = Release|Any CPU
	EndGlobalSection
	GlobalSection(NestedProjects) = preSolution
		{2B7D2126-6D6F-4A5B-81A1-3E5F1A9645F6} = {64189094-62E5-48CA-BD66-1A7B82263BA8}
		{FF8E96F7-2903-4C0B-A443-19EA8D7FBB67} = {64189094-62E5-48CA-BD66-1A7B82263BA8}
		{33D651AB-1C61-4A06-9C02-A144E7342317} = {64189094-62E5-48CA-BD66-1A7B82263BA8}
		{265A4516-DC59-4D8B-B097-36902108B143} = {64189094-62E5-48CA-BD66-1A7B82263BA8}
		{EF7DA6EC-7519-4DDA-8311-0B8649219AC8} = {64189094-62E5-48CA-BD66-1A7B82263BA8}
		{512FD06A-9C6F-46B9-BF61-F001E6DE6D78} = {64189094-62E5-48CA-BD66-1A7B82263BA8}
		{1B6E6D23-C925-48CA-A51E-0D123BFAE302} = {64189094-62E5-48CA-BD66-1A7B82263BA8}
		{2EBE576E-3DEC-4458-977D-88699673E6D6} = {64189094-62E5-48CA-BD66-1A7B82263BA8}
		{C95155BB-B159-4A82-9503-F129A82D806B} = {64189094-62E5-48CA-BD66-1A7B82263BA8}
		{58B46B62-06DF-4623-8ADF-3715523FED67} = {64189094-62E5-48CA-BD66-1A7B82263BA8}
		{6FE46CBA-EA43-412C-B5A1-6F395917A5F2} = {64189094-62E5-48CA-BD66-1A7B82263BA8}
		{FFE61C6C-6023-44D4-A8EE-B7AC44983962} = {64189094-62E5-48CA-BD66-1A7B82263BA8}
		{BF0F3BAD-DB2D-4E1F-A91A-78C47D67A589} = {64189094-62E5-48CA-BD66-1A7B82263BA8}
		{EC9D0C21-9AC9-4462-B123-684FF9D76411} = {64189094-62E5-48CA-BD66-1A7B82263BA8}
		{CFD35784-7CE5-49BD-9452-40F9A65149FD} = {64189094-62E5-48CA-BD66-1A7B82263BA8}
	EndGlobalSection
EndGlobal
