
Microsoft Visual Studio Solution File, Format Version 12.00
Project("{2150E333-8FDC-42A3-9474-1A3956D46DE8}") = ".github", ".github", "{1A7AB239-847B-437F-8A00-BE2B172105CC}"
	ProjectSection(SolutionItems) = preProject
		.github\workflows\docker-build-push-release.yml = .github\workflows\docker-build-push-release.yml
		.github\workflows\docker-build-push-dev.yml = .github\workflows\docker-build-push-dev.yml
	EndProjectSection
EndProject
Project("{2150E333-8FDC-42A3-9474-1A3956D46DE8}") = "docker", "docker", "{B30CB76D-01EE-4E92-AEE5-27224DA53350}"
	ProjectSection(SolutionItems) = preProject
		x64.Dockerfile = x64.Dockerfile
		arm64.Dockerfile = arm64.Dockerfile
		docker-compose.chiado.yml = docker-compose.chiado.yml
		.dockerignore = .dockerignore
		x64.debug.Dockerfile = x64.debug.Dockerfile
		.env.example = .env.example
		Readme.md = Readme.md
		.gitmodules = .gitmodules
		.gitignore = .gitignore
		v2-example-requests.md = v2-example-requests.md
		v1-example-requests.md = v1-example-requests.md
		general-example-requests.md = general-example-requests.md
		all_tables.html = all_tables.html
		pathfinder-host.Dockerfile = pathfinder-host.Dockerfile
		docker-compose.gnosis.yml = docker-compose.gnosis.yml
		.env = .env
	EndProjectSection
EndProject
Project("{2150E333-8FDC-42A3-9474-1A3956D46DE8}") = "src", "src", "{827E0CD3-B72D-47B6-A68D-7590B98EB39B}"
EndProject
Project("{2150E333-8FDC-42A3-9474-1A3956D46DE8}") = "Pathfinder", "Pathfinder", "{2DDE25E7-3BC8-4C03-301E-495C327021A5}"
EndProject
Project("{FAE04EC0-301F-11D3-BF4B-00C04F79EFBC}") = "Circles.Pathfinder", "src\Pathfinder\Circles.Pathfinder\Circles.Pathfinder.csproj", "{5C33CC0B-A51F-468A-9A20-3E24271A1D8D}"
EndProject
Project("{FAE04EC0-301F-11D3-BF4B-00C04F79EFBC}") = "Circles.Pathfinder.Host", "src\Pathfinder\Circles.Pathfinder.Host\Circles.Pathfinder.Host.csproj", "{ED2CEA61-6C81-489B-A825-39F34F742B76}"
EndProject
Project("{FAE04EC0-301F-11D3-BF4B-00C04F79EFBC}") = "Circles.Pathfinder.Tests", "src\Pathfinder\Circles.Pathfinder.Tests\Circles.Pathfinder.Tests.csproj", "{CE2653D5-7DFE-4A59-A154-94A78A14FA8D}"
EndProject
Project("{2150E333-8FDC-42A3-9474-1A3956D46DE8}") = "Index", "Index", "{664289F4-DCD6-D41D-7163-C693306A2F35}"
EndProject
Project("{FAE04EC0-301F-11D3-BF4B-00C04F79EFBC}") = "Circles.Index.Query.Tests", "src\Index\Circles.Index.Query.Tests\Circles.Index.Query.Tests.csproj", "{DE224EF6-3E65-4E5E-8583-5CC0B34A8D88}"
EndProject
Project("{FAE04EC0-301F-11D3-BF4B-00C04F79EFBC}") = "Circles.Index.Profiles", "src\Index\Circles.Index.Profiles\Circles.Index.Profiles.csproj", "{E75E4B9E-C129-4602-A622-F8616070DC69}"
EndProject
Project("{FAE04EC0-301F-11D3-BF4B-00C04F79EFBC}") = "Circles.Index.Common.Tests", "src\Index\Circles.Index.Common.Tests\Circles.Index.Common.Tests.csproj", "{D7E875FA-9400-4970-8DC3-DC964ED1CDEF}"
EndProject
Project("{FAE04EC0-301F-11D3-BF4B-00C04F79EFBC}") = "Circles.Index.CirclesV1", "src\Index\Circles.Index.CirclesV1\Circles.Index.CirclesV1.csproj", "{F7BEE346-2728-4082-9A42-278FB9B9F8B5}"
EndProject
Project("{FAE04EC0-301F-11D3-BF4B-00C04F79EFBC}") = "Circles.Index.CirclesV2.OIC", "src\Index\Circles.Index.CirclesV2.OIC\Circles.Index.CirclesV2.OIC.csproj", "{274522D8-4253-4659-983D-83B7774B5E79}"
EndProject
Project("{FAE04EC0-301F-11D3-BF4B-00C04F79EFBC}") = "Circles.Index.Safe", "src\Index\Circles.Index.Safe\Circles.Index.Safe.csproj", "{5ACCEC8D-60C3-4FA9-9A17-8648E6004BFD}"
EndProject
Project("{FAE04EC0-301F-11D3-BF4B-00C04F79EFBC}") = "Circles.Index.Query", "src\Index\Circles.Index.Query\Circles.Index.Query.csproj", "{6481133B-06E5-4B64-A787-43FC836B3C2D}"
EndProject
Project("{FAE04EC0-301F-11D3-BF4B-00C04F79EFBC}") = "Circles.Index.CirclesV1.NameRegistry", "src\Index\Circles.Index.CirclesV1.NameRegistry\Circles.Index.CirclesV1.NameRegistry.csproj", "{B3365496-8F6F-4E86-BBBB-E4FBB6F14A83}"
EndProject
Project("{FAE04EC0-301F-11D3-BF4B-00C04F79EFBC}") = "Circles.Index.Postgres", "src\Index\Circles.Index.Postgres\Circles.Index.Postgres.csproj", "{881D972B-5438-45D8-BE65-1E423D8BB5BC}"
EndProject
Project("{FAE04EC0-301F-11D3-BF4B-00C04F79EFBC}") = "Circles.Index.ContractClient", "src\Index\Circles.Index.ContractClient\Circles.Index.ContractClient.csproj", "{B3DA23F5-4407-42AD-9DC9-1EB220EE2ADB}"
EndProject
Project("{FAE04EC0-301F-11D3-BF4B-00C04F79EFBC}") = "Circles.Index.CirclesViews", "src\Index\Circles.Index.CirclesViews\Circles.Index.CirclesViews.csproj", "{988055A2-4FB0-4877-BF28-5FF9656710C8}"
EndProject
Project("{FAE04EC0-301F-11D3-BF4B-00C04F79EFBC}") = "Circles.Index.CirclesV2.InvitationEscrow", "src\Index\Circles.Index.CirclesV2.InvitationEscrow\Circles.Index.CirclesV2.InvitationEscrow.csproj", "{FB849476-517C-4255-A6B2-180E5324B035}"
EndProject
Project("{FAE04EC0-301F-11D3-BF4B-00C04F79EFBC}") = "Circles.Index.CirclesV2.AffiliateGroupRegistry", "src\Index\Circles.Index.CirclesV2.AffiliateGroupRegistry\Circles.Index.CirclesV2.AffiliateGroupRegistry.csproj", "{C8F07D8E-B7A8-4059-ACC7-89ED367C2973}"
EndProject
Project("{FAE04EC0-301F-11D3-BF4B-00C04F79EFBC}") = "Circles.Index.CirclesV2.NameRegistry", "src\Index\Circles.Index.CirclesV2.NameRegistry\Circles.Index.CirclesV2.NameRegistry.csproj", "{56810486-D29E-449F-A8E4-95F0375610A3}"
EndProject
Project("{FAE04EC0-301F-11D3-BF4B-00C04F79EFBC}") = "Circles.Index.CirclesV2.LBP", "src\Index\Circles.Index.CirclesV2.LBP\Circles.Index.CirclesV2.LBP.csproj", "{15945391-546B-43BC-8A4B-C3DD316295C4}"
EndProject
Project("{FAE04EC0-301F-11D3-BF4B-00C04F79EFBC}") = "Circles.Index.CirclesV2", "src\Index\Circles.Index.CirclesV2\Circles.Index.CirclesV2.csproj", "{AE50B0D2-1699-48D8-820C-AD9019E2F102}"
EndProject
Project("{FAE04EC0-301F-11D3-BF4B-00C04F79EFBC}") = "Circles.Index.CirclesV2.StandardTreasury", "src\Index\Circles.Index.CirclesV2.StandardTreasury\Circles.Index.CirclesV2.StandardTreasury.csproj", "{AF2C4D89-5D21-4691-BA43-BE467661FB64}"
EndProject
Project("{FAE04EC0-301F-11D3-BF4B-00C04F79EFBC}") = "Circles.Index.Common", "src\Index\Circles.Index.Common\Circles.Index.Common.csproj", "{944F15E5-70FA-4809-811E-209666B9BC98}"
EndProject
Project("{FAE04EC0-301F-11D3-BF4B-00C04F79EFBC}") = "Circles.Index.CirclesV2.CMGroupDeployer", "src\Index\Circles.Index.CirclesV2.CMGroupDeployer\Circles.Index.CirclesV2.CMGroupDeployer.csproj", "{1F7C3931-870B-4ED9-AE56-D98474383B72}"
EndProject
Project("{FAE04EC0-301F-11D3-BF4B-00C04F79EFBC}") = "Circles.Index.CirclesV2.BaseGroupDeployer", "src\Index\Circles.Index.CirclesV2.BaseGroupDeployer\Circles.Index.CirclesV2.BaseGroupDeployer.csproj", "{761E5B16-E5B9-4C8C-93BB-C062089B47F7}"
EndProject
Project("{FAE04EC0-301F-11D3-BF4B-00C04F79EFBC}") = "Circles.Index.CirclesV2.TokenOffers", "src\Index\Circles.Index.CirclesV2.TokenOffers\Circles.Index.CirclesV2.TokenOffers.csproj", "{DD92C7B6-42BA-4193-BD30-02675D8C1EF0}"
EndProject
Project("{FAE04EC0-301F-11D3-BF4B-00C04F79EFBC}") = "Circles.Index", "src\Index\Circles.Index\Circles.Index.csproj", "{2D115D41-991B-4405-A9C1-49ACD9EFBAB4}"
EndProject
Project("{2150E333-8FDC-42A3-9474-1A3956D46DE8}") = "Rpc", "Rpc", "{93D007DF-0658-4AC1-FBB8-A8BE14510E37}"
EndProject
Project("{FAE04EC0-301F-11D3-BF4B-00C04F79EFBC}") = "Circles.Index.Rpc", "src\Rpc\Circles.Index.Rpc\Circles.Index.Rpc.csproj", "{17358715-203F-4AFC-9D18-FBE6C61F4AB1}"
EndProject
Global
	GlobalSection(SolutionConfigurationPlatforms) = preSolution
		Debug|Any CPU = Debug|Any CPU
		Debug|x64 = Debug|x64
		Debug|x86 = Debug|x86
		Release|Any CPU = Release|Any CPU
		Release|x64 = Release|x64
		Release|x86 = Release|x86
	EndGlobalSection
	GlobalSection(ProjectConfigurationPlatforms) = postSolution
		{5C33CC0B-A51F-468A-9A20-3E24271A1D8D}.Debug|Any CPU.ActiveCfg = Debug|Any CPU
		{5C33CC0B-A51F-468A-9A20-3E24271A1D8D}.Debug|Any CPU.Build.0 = Debug|Any CPU
		{5C33CC0B-A51F-468A-9A20-3E24271A1D8D}.Debug|x64.ActiveCfg = Debug|Any CPU
		{5C33CC0B-A51F-468A-9A20-3E24271A1D8D}.Debug|x64.Build.0 = Debug|Any CPU
		{5C33CC0B-A51F-468A-9A20-3E24271A1D8D}.Debug|x86.ActiveCfg = Debug|Any CPU
		{5C33CC0B-A51F-468A-9A20-3E24271A1D8D}.Debug|x86.Build.0 = Debug|Any CPU
		{5C33CC0B-A51F-468A-9A20-3E24271A1D8D}.Release|Any CPU.ActiveCfg = Release|Any CPU
		{5C33CC0B-A51F-468A-9A20-3E24271A1D8D}.Release|Any CPU.Build.0 = Release|Any CPU
		{5C33CC0B-A51F-468A-9A20-3E24271A1D8D}.Release|x64.ActiveCfg = Release|Any CPU
		{5C33CC0B-A51F-468A-9A20-3E24271A1D8D}.Release|x64.Build.0 = Release|Any CPU
		{5C33CC0B-A51F-468A-9A20-3E24271A1D8D}.Release|x86.ActiveCfg = Release|Any CPU
		{5C33CC0B-A51F-468A-9A20-3E24271A1D8D}.Release|x86.Build.0 = Release|Any CPU
		{ED2CEA61-6C81-489B-A825-39F34F742B76}.Debug|Any CPU.ActiveCfg = Debug|Any CPU
		{ED2CEA61-6C81-489B-A825-39F34F742B76}.Debug|Any CPU.Build.0 = Debug|Any CPU
		{ED2CEA61-6C81-489B-A825-39F34F742B76}.Debug|x64.ActiveCfg = Debug|Any CPU
		{ED2CEA61-6C81-489B-A825-39F34F742B76}.Debug|x64.Build.0 = Debug|Any CPU
		{ED2CEA61-6C81-489B-A825-39F34F742B76}.Debug|x86.ActiveCfg = Debug|Any CPU
		{ED2CEA61-6C81-489B-A825-39F34F742B76}.Debug|x86.Build.0 = Debug|Any CPU
		{ED2CEA61-6C81-489B-A825-39F34F742B76}.Release|Any CPU.ActiveCfg = Release|Any CPU
		{ED2CEA61-6C81-489B-A825-39F34F742B76}.Release|Any CPU.Build.0 = Release|Any CPU
		{ED2CEA61-6C81-489B-A825-39F34F742B76}.Release|x64.ActiveCfg = Release|Any CPU
		{ED2CEA61-6C81-489B-A825-39F34F742B76}.Release|x64.Build.0 = Release|Any CPU
		{ED2CEA61-6C81-489B-A825-39F34F742B76}.Release|x86.ActiveCfg = Release|Any CPU
		{ED2CEA61-6C81-489B-A825-39F34F742B76}.Release|x86.Build.0 = Release|Any CPU
		{CE2653D5-7DFE-4A59-A154-94A78A14FA8D}.Debug|Any CPU.ActiveCfg = Debug|Any CPU
		{CE2653D5-7DFE-4A59-A154-94A78A14FA8D}.Debug|Any CPU.Build.0 = Debug|Any CPU
		{CE2653D5-7DFE-4A59-A154-94A78A14FA8D}.Debug|x64.ActiveCfg = Debug|Any CPU
		{CE2653D5-7DFE-4A59-A154-94A78A14FA8D}.Debug|x64.Build.0 = Debug|Any CPU
		{CE2653D5-7DFE-4A59-A154-94A78A14FA8D}.Debug|x86.ActiveCfg = Debug|Any CPU
		{CE2653D5-7DFE-4A59-A154-94A78A14FA8D}.Debug|x86.Build.0 = Debug|Any CPU
		{CE2653D5-7DFE-4A59-A154-94A78A14FA8D}.Release|Any CPU.ActiveCfg = Release|Any CPU
		{CE2653D5-7DFE-4A59-A154-94A78A14FA8D}.Release|Any CPU.Build.0 = Release|Any CPU
		{CE2653D5-7DFE-4A59-A154-94A78A14FA8D}.Release|x64.ActiveCfg = Release|Any CPU
		{CE2653D5-7DFE-4A59-A154-94A78A14FA8D}.Release|x64.Build.0 = Release|Any CPU
		{CE2653D5-7DFE-4A59-A154-94A78A14FA8D}.Release|x86.ActiveCfg = Release|Any CPU
		{CE2653D5-7DFE-4A59-A154-94A78A14FA8D}.Release|x86.Build.0 = Release|Any CPU
		{DE224EF6-3E65-4E5E-8583-5CC0B34A8D88}.Debug|Any CPU.ActiveCfg = Debug|Any CPU
		{DE224EF6-3E65-4E5E-8583-5CC0B34A8D88}.Debug|Any CPU.Build.0 = Debug|Any CPU
		{DE224EF6-3E65-4E5E-8583-5CC0B34A8D88}.Debug|x64.ActiveCfg = Debug|Any CPU
		{DE224EF6-3E65-4E5E-8583-5CC0B34A8D88}.Debug|x64.Build.0 = Debug|Any CPU
		{DE224EF6-3E65-4E5E-8583-5CC0B34A8D88}.Debug|x86.ActiveCfg = Debug|Any CPU
		{DE224EF6-3E65-4E5E-8583-5CC0B34A8D88}.Debug|x86.Build.0 = Debug|Any CPU
		{DE224EF6-3E65-4E5E-8583-5CC0B34A8D88}.Release|Any CPU.ActiveCfg = Release|Any CPU
		{DE224EF6-3E65-4E5E-8583-5CC0B34A8D88}.Release|Any CPU.Build.0 = Release|Any CPU
		{DE224EF6-3E65-4E5E-8583-5CC0B34A8D88}.Release|x64.ActiveCfg = Release|Any CPU
		{DE224EF6-3E65-4E5E-8583-5CC0B34A8D88}.Release|x64.Build.0 = Release|Any CPU
		{DE224EF6-3E65-4E5E-8583-5CC0B34A8D88}.Release|x86.ActiveCfg = Release|Any CPU
		{DE224EF6-3E65-4E5E-8583-5CC0B34A8D88}.Release|x86.Build.0 = Release|Any CPU
		{E75E4B9E-C129-4602-A622-F8616070DC69}.Debug|Any CPU.ActiveCfg = Debug|Any CPU
		{E75E4B9E-C129-4602-A622-F8616070DC69}.Debug|Any CPU.Build.0 = Debug|Any CPU
		{E75E4B9E-C129-4602-A622-F8616070DC69}.Debug|x64.ActiveCfg = Debug|Any CPU
		{E75E4B9E-C129-4602-A622-F8616070DC69}.Debug|x64.Build.0 = Debug|Any CPU
		{E75E4B9E-C129-4602-A622-F8616070DC69}.Debug|x86.ActiveCfg = Debug|Any CPU
		{E75E4B9E-C129-4602-A622-F8616070DC69}.Debug|x86.Build.0 = Debug|Any CPU
		{E75E4B9E-C129-4602-A622-F8616070DC69}.Release|Any CPU.ActiveCfg = Release|Any CPU
		{E75E4B9E-C129-4602-A622-F8616070DC69}.Release|Any CPU.Build.0 = Release|Any CPU
		{E75E4B9E-C129-4602-A622-F8616070DC69}.Release|x64.ActiveCfg = Release|Any CPU
		{E75E4B9E-C129-4602-A622-F8616070DC69}.Release|x64.Build.0 = Release|Any CPU
		{E75E4B9E-C129-4602-A622-F8616070DC69}.Release|x86.ActiveCfg = Release|Any CPU
		{E75E4B9E-C129-4602-A622-F8616070DC69}.Release|x86.Build.0 = Release|Any CPU
		{D7E875FA-9400-4970-8DC3-DC964ED1CDEF}.Debug|Any CPU.ActiveCfg = Debug|Any CPU
		{D7E875FA-9400-4970-8DC3-DC964ED1CDEF}.Debug|Any CPU.Build.0 = Debug|Any CPU
		{D7E875FA-9400-4970-8DC3-DC964ED1CDEF}.Debug|x64.ActiveCfg = Debug|Any CPU
		{D7E875FA-9400-4970-8DC3-DC964ED1CDEF}.Debug|x64.Build.0 = Debug|Any CPU
		{D7E875FA-9400-4970-8DC3-DC964ED1CDEF}.Debug|x86.ActiveCfg = Debug|Any CPU
		{D7E875FA-9400-4970-8DC3-DC964ED1CDEF}.Debug|x86.Build.0 = Debug|Any CPU
		{D7E875FA-9400-4970-8DC3-DC964ED1CDEF}.Release|Any CPU.ActiveCfg = Release|Any CPU
		{D7E875FA-9400-4970-8DC3-DC964ED1CDEF}.Release|Any CPU.Build.0 = Release|Any CPU
		{D7E875FA-9400-4970-8DC3-DC964ED1CDEF}.Release|x64.ActiveCfg = Release|Any CPU
		{D7E875FA-9400-4970-8DC3-DC964ED1CDEF}.Release|x64.Build.0 = Release|Any CPU
		{D7E875FA-9400-4970-8DC3-DC964ED1CDEF}.Release|x86.ActiveCfg = Release|Any CPU
		{D7E875FA-9400-4970-8DC3-DC964ED1CDEF}.Release|x86.Build.0 = Release|Any CPU
		{F7BEE346-2728-4082-9A42-278FB9B9F8B5}.Debug|Any CPU.ActiveCfg = Debug|Any CPU
		{F7BEE346-2728-4082-9A42-278FB9B9F8B5}.Debug|Any CPU.Build.0 = Debug|Any CPU
		{F7BEE346-2728-4082-9A42-278FB9B9F8B5}.Debug|x64.ActiveCfg = Debug|Any CPU
		{F7BEE346-2728-4082-9A42-278FB9B9F8B5}.Debug|x64.Build.0 = Debug|Any CPU
		{F7BEE346-2728-4082-9A42-278FB9B9F8B5}.Debug|x86.ActiveCfg = Debug|Any CPU
		{F7BEE346-2728-4082-9A42-278FB9B9F8B5}.Debug|x86.Build.0 = Debug|Any CPU
		{F7BEE346-2728-4082-9A42-278FB9B9F8B5}.Release|Any CPU.ActiveCfg = Release|Any CPU
		{F7BEE346-2728-4082-9A42-278FB9B9F8B5}.Release|Any CPU.Build.0 = Release|Any CPU
		{F7BEE346-2728-4082-9A42-278FB9B9F8B5}.Release|x64.ActiveCfg = Release|Any CPU
		{F7BEE346-2728-4082-9A42-278FB9B9F8B5}.Release|x64.Build.0 = Release|Any CPU
		{F7BEE346-2728-4082-9A42-278FB9B9F8B5}.Release|x86.ActiveCfg = Release|Any CPU
		{F7BEE346-2728-4082-9A42-278FB9B9F8B5}.Release|x86.Build.0 = Release|Any CPU
		{274522D8-4253-4659-983D-83B7774B5E79}.Debug|Any CPU.ActiveCfg = Debug|Any CPU
		{274522D8-4253-4659-983D-83B7774B5E79}.Debug|Any CPU.Build.0 = Debug|Any CPU
		{274522D8-4253-4659-983D-83B7774B5E79}.Debug|x64.ActiveCfg = Debug|Any CPU
		{274522D8-4253-4659-983D-83B7774B5E79}.Debug|x64.Build.0 = Debug|Any CPU
		{274522D8-4253-4659-983D-83B7774B5E79}.Debug|x86.ActiveCfg = Debug|Any CPU
		{274522D8-4253-4659-983D-83B7774B5E79}.Debug|x86.Build.0 = Debug|Any CPU
		{274522D8-4253-4659-983D-83B7774B5E79}.Release|Any CPU.ActiveCfg = Release|Any CPU
		{274522D8-4253-4659-983D-83B7774B5E79}.Release|Any CPU.Build.0 = Release|Any CPU
		{274522D8-4253-4659-983D-83B7774B5E79}.Release|x64.ActiveCfg = Release|Any CPU
		{274522D8-4253-4659-983D-83B7774B5E79}.Release|x64.Build.0 = Release|Any CPU
		{274522D8-4253-4659-983D-83B7774B5E79}.Release|x86.ActiveCfg = Release|Any CPU
		{274522D8-4253-4659-983D-83B7774B5E79}.Release|x86.Build.0 = Release|Any CPU
		{5ACCEC8D-60C3-4FA9-9A17-8648E6004BFD}.Debug|Any CPU.ActiveCfg = Debug|Any CPU
		{5ACCEC8D-60C3-4FA9-9A17-8648E6004BFD}.Debug|Any CPU.Build.0 = Debug|Any CPU
		{5ACCEC8D-60C3-4FA9-9A17-8648E6004BFD}.Debug|x64.ActiveCfg = Debug|Any CPU
		{5ACCEC8D-60C3-4FA9-9A17-8648E6004BFD}.Debug|x64.Build.0 = Debug|Any CPU
		{5ACCEC8D-60C3-4FA9-9A17-8648E6004BFD}.Debug|x86.ActiveCfg = Debug|Any CPU
		{5ACCEC8D-60C3-4FA9-9A17-8648E6004BFD}.Debug|x86.Build.0 = Debug|Any CPU
		{5ACCEC8D-60C3-4FA9-9A17-8648E6004BFD}.Release|Any CPU.ActiveCfg = Release|Any CPU
		{5ACCEC8D-60C3-4FA9-9A17-8648E6004BFD}.Release|Any CPU.Build.0 = Release|Any CPU
		{5ACCEC8D-60C3-4FA9-9A17-8648E6004BFD}.Release|x64.ActiveCfg = Release|Any CPU
		{5ACCEC8D-60C3-4FA9-9A17-8648E6004BFD}.Release|x64.Build.0 = Release|Any CPU
		{5ACCEC8D-60C3-4FA9-9A17-8648E6004BFD}.Release|x86.ActiveCfg = Release|Any CPU
		{5ACCEC8D-60C3-4FA9-9A17-8648E6004BFD}.Release|x86.Build.0 = Release|Any CPU
		{6481133B-06E5-4B64-A787-43FC836B3C2D}.Debug|Any CPU.ActiveCfg = Debug|Any CPU
		{6481133B-06E5-4B64-A787-43FC836B3C2D}.Debug|Any CPU.Build.0 = Debug|Any CPU
		{6481133B-06E5-4B64-A787-43FC836B3C2D}.Debug|x64.ActiveCfg = Debug|Any CPU
		{6481133B-06E5-4B64-A787-43FC836B3C2D}.Debug|x64.Build.0 = Debug|Any CPU
		{6481133B-06E5-4B64-A787-43FC836B3C2D}.Debug|x86.ActiveCfg = Debug|Any CPU
		{6481133B-06E5-4B64-A787-43FC836B3C2D}.Debug|x86.Build.0 = Debug|Any CPU
		{6481133B-06E5-4B64-A787-43FC836B3C2D}.Release|Any CPU.ActiveCfg = Release|Any CPU
		{6481133B-06E5-4B64-A787-43FC836B3C2D}.Release|Any CPU.Build.0 = Release|Any CPU
		{6481133B-06E5-4B64-A787-43FC836B3C2D}.Release|x64.ActiveCfg = Release|Any CPU
		{6481133B-06E5-4B64-A787-43FC836B3C2D}.Release|x64.Build.0 = Release|Any CPU
		{6481133B-06E5-4B64-A787-43FC836B3C2D}.Release|x86.ActiveCfg = Release|Any CPU
		{6481133B-06E5-4B64-A787-43FC836B3C2D}.Release|x86.Build.0 = Release|Any CPU
		{B3365496-8F6F-4E86-BBBB-E4FBB6F14A83}.Debug|Any CPU.ActiveCfg = Debug|Any CPU
		{B3365496-8F6F-4E86-BBBB-E4FBB6F14A83}.Debug|Any CPU.Build.0 = Debug|Any CPU
		{B3365496-8F6F-4E86-BBBB-E4FBB6F14A83}.Debug|x64.ActiveCfg = Debug|Any CPU
		{B3365496-8F6F-4E86-BBBB-E4FBB6F14A83}.Debug|x64.Build.0 = Debug|Any CPU
		{B3365496-8F6F-4E86-BBBB-E4FBB6F14A83}.Debug|x86.ActiveCfg = Debug|Any CPU
		{B3365496-8F6F-4E86-BBBB-E4FBB6F14A83}.Debug|x86.Build.0 = Debug|Any CPU
		{B3365496-8F6F-4E86-BBBB-E4FBB6F14A83}.Release|Any CPU.ActiveCfg = Release|Any CPU
		{B3365496-8F6F-4E86-BBBB-E4FBB6F14A83}.Release|Any CPU.Build.0 = Release|Any CPU
		{B3365496-8F6F-4E86-BBBB-E4FBB6F14A83}.Release|x64.ActiveCfg = Release|Any CPU
		{B3365496-8F6F-4E86-BBBB-E4FBB6F14A83}.Release|x64.Build.0 = Release|Any CPU
		{B3365496-8F6F-4E86-BBBB-E4FBB6F14A83}.Release|x86.ActiveCfg = Release|Any CPU
		{B3365496-8F6F-4E86-BBBB-E4FBB6F14A83}.Release|x86.Build.0 = Release|Any CPU
		{881D972B-5438-45D8-BE65-1E423D8BB5BC}.Debug|Any CPU.ActiveCfg = Debug|Any CPU
		{881D972B-5438-45D8-BE65-1E423D8BB5BC}.Debug|Any CPU.Build.0 = Debug|Any CPU
		{881D972B-5438-45D8-BE65-1E423D8BB5BC}.Debug|x64.ActiveCfg = Debug|Any CPU
		{881D972B-5438-45D8-BE65-1E423D8BB5BC}.Debug|x64.Build.0 = Debug|Any CPU
		{881D972B-5438-45D8-BE65-1E423D8BB5BC}.Debug|x86.ActiveCfg = Debug|Any CPU
		{881D972B-5438-45D8-BE65-1E423D8BB5BC}.Debug|x86.Build.0 = Debug|Any CPU
		{881D972B-5438-45D8-BE65-1E423D8BB5BC}.Release|Any CPU.ActiveCfg = Release|Any CPU
		{881D972B-5438-45D8-BE65-1E423D8BB5BC}.Release|Any CPU.Build.0 = Release|Any CPU
		{881D972B-5438-45D8-BE65-1E423D8BB5BC}.Release|x64.ActiveCfg = Release|Any CPU
		{881D972B-5438-45D8-BE65-1E423D8BB5BC}.Release|x64.Build.0 = Release|Any CPU
		{881D972B-5438-45D8-BE65-1E423D8BB5BC}.Release|x86.ActiveCfg = Release|Any CPU
		{881D972B-5438-45D8-BE65-1E423D8BB5BC}.Release|x86.Build.0 = Release|Any CPU
		{B3DA23F5-4407-42AD-9DC9-1EB220EE2ADB}.Debug|Any CPU.ActiveCfg = Debug|Any CPU
		{B3DA23F5-4407-42AD-9DC9-1EB220EE2ADB}.Debug|Any CPU.Build.0 = Debug|Any CPU
		{B3DA23F5-4407-42AD-9DC9-1EB220EE2ADB}.Debug|x64.ActiveCfg = Debug|Any CPU
		{B3DA23F5-4407-42AD-9DC9-1EB220EE2ADB}.Debug|x64.Build.0 = Debug|Any CPU
		{B3DA23F5-4407-42AD-9DC9-1EB220EE2ADB}.Debug|x86.ActiveCfg = Debug|Any CPU
		{B3DA23F5-4407-42AD-9DC9-1EB220EE2ADB}.Debug|x86.Build.0 = Debug|Any CPU
		{B3DA23F5-4407-42AD-9DC9-1EB220EE2ADB}.Release|Any CPU.ActiveCfg = Release|Any CPU
		{B3DA23F5-4407-42AD-9DC9-1EB220EE2ADB}.Release|Any CPU.Build.0 = Release|Any CPU
		{B3DA23F5-4407-42AD-9DC9-1EB220EE2ADB}.Release|x64.ActiveCfg = Release|Any CPU
		{B3DA23F5-4407-42AD-9DC9-1EB220EE2ADB}.Release|x64.Build.0 = Release|Any CPU
		{B3DA23F5-4407-42AD-9DC9-1EB220EE2ADB}.Release|x86.ActiveCfg = Release|Any CPU
		{B3DA23F5-4407-42AD-9DC9-1EB220EE2ADB}.Release|x86.Build.0 = Release|Any CPU
		{988055A2-4FB0-4877-BF28-5FF9656710C8}.Debug|Any CPU.ActiveCfg = Debug|Any CPU
		{988055A2-4FB0-4877-BF28-5FF9656710C8}.Debug|Any CPU.Build.0 = Debug|Any CPU
		{988055A2-4FB0-4877-BF28-5FF9656710C8}.Debug|x64.ActiveCfg = Debug|Any CPU
		{988055A2-4FB0-4877-BF28-5FF9656710C8}.Debug|x64.Build.0 = Debug|Any CPU
		{988055A2-4FB0-4877-BF28-5FF9656710C8}.Debug|x86.ActiveCfg = Debug|Any CPU
		{988055A2-4FB0-4877-BF28-5FF9656710C8}.Debug|x86.Build.0 = Debug|Any CPU
		{988055A2-4FB0-4877-BF28-5FF9656710C8}.Release|Any CPU.ActiveCfg = Release|Any CPU
		{988055A2-4FB0-4877-BF28-5FF9656710C8}.Release|Any CPU.Build.0 = Release|Any CPU
		{988055A2-4FB0-4877-BF28-5FF9656710C8}.Release|x64.ActiveCfg = Release|Any CPU
		{988055A2-4FB0-4877-BF28-5FF9656710C8}.Release|x64.Build.0 = Release|Any CPU
		{988055A2-4FB0-4877-BF28-5FF9656710C8}.Release|x86.ActiveCfg = Release|Any CPU
		{988055A2-4FB0-4877-BF28-5FF9656710C8}.Release|x86.Build.0 = Release|Any CPU
		{FB849476-517C-4255-A6B2-180E5324B035}.Debug|Any CPU.ActiveCfg = Debug|Any CPU
		{FB849476-517C-4255-A6B2-180E5324B035}.Debug|Any CPU.Build.0 = Debug|Any CPU
		{FB849476-517C-4255-A6B2-180E5324B035}.Debug|x64.ActiveCfg = Debug|Any CPU
		{FB849476-517C-4255-A6B2-180E5324B035}.Debug|x64.Build.0 = Debug|Any CPU
		{FB849476-517C-4255-A6B2-180E5324B035}.Debug|x86.ActiveCfg = Debug|Any CPU
		{FB849476-517C-4255-A6B2-180E5324B035}.Debug|x86.Build.0 = Debug|Any CPU
		{FB849476-517C-4255-A6B2-180E5324B035}.Release|Any CPU.ActiveCfg = Release|Any CPU
		{FB849476-517C-4255-A6B2-180E5324B035}.Release|Any CPU.Build.0 = Release|Any CPU
		{FB849476-517C-4255-A6B2-180E5324B035}.Release|x64.ActiveCfg = Release|Any CPU
		{FB849476-517C-4255-A6B2-180E5324B035}.Release|x64.Build.0 = Release|Any CPU
		{FB849476-517C-4255-A6B2-180E5324B035}.Release|x86.ActiveCfg = Release|Any CPU
		{FB849476-517C-4255-A6B2-180E5324B035}.Release|x86.Build.0 = Release|Any CPU
		{C8F07D8E-B7A8-4059-ACC7-89ED367C2973}.Debug|Any CPU.ActiveCfg = Debug|Any CPU
		{C8F07D8E-B7A8-4059-ACC7-89ED367C2973}.Debug|Any CPU.Build.0 = Debug|Any CPU
		{C8F07D8E-B7A8-4059-ACC7-89ED367C2973}.Debug|x64.ActiveCfg = Debug|Any CPU
		{C8F07D8E-B7A8-4059-ACC7-89ED367C2973}.Debug|x64.Build.0 = Debug|Any CPU
		{C8F07D8E-B7A8-4059-ACC7-89ED367C2973}.Debug|x86.ActiveCfg = Debug|Any CPU
		{C8F07D8E-B7A8-4059-ACC7-89ED367C2973}.Debug|x86.Build.0 = Debug|Any CPU
		{C8F07D8E-B7A8-4059-ACC7-89ED367C2973}.Release|Any CPU.ActiveCfg = Release|Any CPU
		{C8F07D8E-B7A8-4059-ACC7-89ED367C2973}.Release|Any CPU.Build.0 = Release|Any CPU
		{C8F07D8E-B7A8-4059-ACC7-89ED367C2973}.Release|x64.ActiveCfg = Release|Any CPU
		{C8F07D8E-B7A8-4059-ACC7-89ED367C2973}.Release|x64.Build.0 = Release|Any CPU
		{C8F07D8E-B7A8-4059-ACC7-89ED367C2973}.Release|x86.ActiveCfg = Release|Any CPU
		{C8F07D8E-B7A8-4059-ACC7-89ED367C2973}.Release|x86.Build.0 = Release|Any CPU
		{56810486-D29E-449F-A8E4-95F0375610A3}.Debug|Any CPU.ActiveCfg = Debug|Any CPU
		{56810486-D29E-449F-A8E4-95F0375610A3}.Debug|Any CPU.Build.0 = Debug|Any CPU
		{56810486-D29E-449F-A8E4-95F0375610A3}.Debug|x64.ActiveCfg = Debug|Any CPU
		{56810486-D29E-449F-A8E4-95F0375610A3}.Debug|x64.Build.0 = Debug|Any CPU
		{56810486-D29E-449F-A8E4-95F0375610A3}.Debug|x86.ActiveCfg = Debug|Any CPU
		{56810486-D29E-449F-A8E4-95F0375610A3}.Debug|x86.Build.0 = Debug|Any CPU
		{56810486-D29E-449F-A8E4-95F0375610A3}.Release|Any CPU.ActiveCfg = Release|Any CPU
		{56810486-D29E-449F-A8E4-95F0375610A3}.Release|Any CPU.Build.0 = Release|Any CPU
		{56810486-D29E-449F-A8E4-95F0375610A3}.Release|x64.ActiveCfg = Release|Any CPU
		{56810486-D29E-449F-A8E4-95F0375610A3}.Release|x64.Build.0 = Release|Any CPU
		{56810486-D29E-449F-A8E4-95F0375610A3}.Release|x86.ActiveCfg = Release|Any CPU
		{56810486-D29E-449F-A8E4-95F0375610A3}.Release|x86.Build.0 = Release|Any CPU
		{15945391-546B-43BC-8A4B-C3DD316295C4}.Debug|Any CPU.ActiveCfg = Debug|Any CPU
		{15945391-546B-43BC-8A4B-C3DD316295C4}.Debug|Any CPU.Build.0 = Debug|Any CPU
		{15945391-546B-43BC-8A4B-C3DD316295C4}.Debug|x64.ActiveCfg = Debug|Any CPU
		{15945391-546B-43BC-8A4B-C3DD316295C4}.Debug|x64.Build.0 = Debug|Any CPU
		{15945391-546B-43BC-8A4B-C3DD316295C4}.Debug|x86.ActiveCfg = Debug|Any CPU
		{15945391-546B-43BC-8A4B-C3DD316295C4}.Debug|x86.Build.0 = Debug|Any CPU
		{15945391-546B-43BC-8A4B-C3DD316295C4}.Release|Any CPU.ActiveCfg = Release|Any CPU
		{15945391-546B-43BC-8A4B-C3DD316295C4}.Release|Any CPU.Build.0 = Release|Any CPU
		{15945391-546B-43BC-8A4B-C3DD316295C4}.Release|x64.ActiveCfg = Release|Any CPU
		{15945391-546B-43BC-8A4B-C3DD316295C4}.Release|x64.Build.0 = Release|Any CPU
		{15945391-546B-43BC-8A4B-C3DD316295C4}.Release|x86.ActiveCfg = Release|Any CPU
		{15945391-546B-43BC-8A4B-C3DD316295C4}.Release|x86.Build.0 = Release|Any CPU
		{AE50B0D2-1699-48D8-820C-AD9019E2F102}.Debug|Any CPU.ActiveCfg = Debug|Any CPU
		{AE50B0D2-1699-48D8-820C-AD9019E2F102}.Debug|Any CPU.Build.0 = Debug|Any CPU
		{AE50B0D2-1699-48D8-820C-AD9019E2F102}.Debug|x64.ActiveCfg = Debug|Any CPU
		{AE50B0D2-1699-48D8-820C-AD9019E2F102}.Debug|x64.Build.0 = Debug|Any CPU
		{AE50B0D2-1699-48D8-820C-AD9019E2F102}.Debug|x86.ActiveCfg = Debug|Any CPU
		{AE50B0D2-1699-48D8-820C-AD9019E2F102}.Debug|x86.Build.0 = Debug|Any CPU
		{AE50B0D2-1699-48D8-820C-AD9019E2F102}.Release|Any CPU.ActiveCfg = Release|Any CPU
		{AE50B0D2-1699-48D8-820C-AD9019E2F102}.Release|Any CPU.Build.0 = Release|Any CPU
		{AE50B0D2-1699-48D8-820C-AD9019E2F102}.Release|x64.ActiveCfg = Release|Any CPU
		{AE50B0D2-1699-48D8-820C-AD9019E2F102}.Release|x64.Build.0 = Release|Any CPU
		{AE50B0D2-1699-48D8-820C-AD9019E2F102}.Release|x86.ActiveCfg = Release|Any CPU
		{AE50B0D2-1699-48D8-820C-AD9019E2F102}.Release|x86.Build.0 = Release|Any CPU
		{AF2C4D89-5D21-4691-BA43-BE467661FB64}.Debug|Any CPU.ActiveCfg = Debug|Any CPU
		{AF2C4D89-5D21-4691-BA43-BE467661FB64}.Debug|Any CPU.Build.0 = Debug|Any CPU
		{AF2C4D89-5D21-4691-BA43-BE467661FB64}.Debug|x64.ActiveCfg = Debug|Any CPU
		{AF2C4D89-5D21-4691-BA43-BE467661FB64}.Debug|x64.Build.0 = Debug|Any CPU
		{AF2C4D89-5D21-4691-BA43-BE467661FB64}.Debug|x86.ActiveCfg = Debug|Any CPU
		{AF2C4D89-5D21-4691-BA43-BE467661FB64}.Debug|x86.Build.0 = Debug|Any CPU
		{AF2C4D89-5D21-4691-BA43-BE467661FB64}.Release|Any CPU.ActiveCfg = Release|Any CPU
		{AF2C4D89-5D21-4691-BA43-BE467661FB64}.Release|Any CPU.Build.0 = Release|Any CPU
		{AF2C4D89-5D21-4691-BA43-BE467661FB64}.Release|x64.ActiveCfg = Release|Any CPU
		{AF2C4D89-5D21-4691-BA43-BE467661FB64}.Release|x64.Build.0 = Release|Any CPU
		{AF2C4D89-5D21-4691-BA43-BE467661FB64}.Release|x86.ActiveCfg = Release|Any CPU
		{AF2C4D89-5D21-4691-BA43-BE467661FB64}.Release|x86.Build.0 = Release|Any CPU
		{944F15E5-70FA-4809-811E-209666B9BC98}.Debug|Any CPU.ActiveCfg = Debug|Any CPU
		{944F15E5-70FA-4809-811E-209666B9BC98}.Debug|Any CPU.Build.0 = Debug|Any CPU
		{944F15E5-70FA-4809-811E-209666B9BC98}.Debug|x64.ActiveCfg = Debug|Any CPU
		{944F15E5-70FA-4809-811E-209666B9BC98}.Debug|x64.Build.0 = Debug|Any CPU
		{944F15E5-70FA-4809-811E-209666B9BC98}.Debug|x86.ActiveCfg = Debug|Any CPU
		{944F15E5-70FA-4809-811E-209666B9BC98}.Debug|x86.Build.0 = Debug|Any CPU
		{944F15E5-70FA-4809-811E-209666B9BC98}.Release|Any CPU.ActiveCfg = Release|Any CPU
		{944F15E5-70FA-4809-811E-209666B9BC98}.Release|Any CPU.Build.0 = Release|Any CPU
		{944F15E5-70FA-4809-811E-209666B9BC98}.Release|x64.ActiveCfg = Release|Any CPU
		{944F15E5-70FA-4809-811E-209666B9BC98}.Release|x64.Build.0 = Release|Any CPU
		{944F15E5-70FA-4809-811E-209666B9BC98}.Release|x86.ActiveCfg = Release|Any CPU
		{944F15E5-70FA-4809-811E-209666B9BC98}.Release|x86.Build.0 = Release|Any CPU
		{1F7C3931-870B-4ED9-AE56-D98474383B72}.Debug|Any CPU.ActiveCfg = Debug|Any CPU
		{1F7C3931-870B-4ED9-AE56-D98474383B72}.Debug|Any CPU.Build.0 = Debug|Any CPU
		{1F7C3931-870B-4ED9-AE56-D98474383B72}.Debug|x64.ActiveCfg = Debug|Any CPU
		{1F7C3931-870B-4ED9-AE56-D98474383B72}.Debug|x64.Build.0 = Debug|Any CPU
		{1F7C3931-870B-4ED9-AE56-D98474383B72}.Debug|x86.ActiveCfg = Debug|Any CPU
		{1F7C3931-870B-4ED9-AE56-D98474383B72}.Debug|x86.Build.0 = Debug|Any CPU
		{1F7C3931-870B-4ED9-AE56-D98474383B72}.Release|Any CPU.ActiveCfg = Release|Any CPU
		{1F7C3931-870B-4ED9-AE56-D98474383B72}.Release|Any CPU.Build.0 = Release|Any CPU
		{1F7C3931-870B-4ED9-AE56-D98474383B72}.Release|x64.ActiveCfg = Release|Any CPU
		{1F7C3931-870B-4ED9-AE56-D98474383B72}.Release|x64.Build.0 = Release|Any CPU
		{1F7C3931-870B-4ED9-AE56-D98474383B72}.Release|x86.ActiveCfg = Release|Any CPU
		{1F7C3931-870B-4ED9-AE56-D98474383B72}.Release|x86.Build.0 = Release|Any CPU
		{761E5B16-E5B9-4C8C-93BB-C062089B47F7}.Debug|Any CPU.ActiveCfg = Debug|Any CPU
		{761E5B16-E5B9-4C8C-93BB-C062089B47F7}.Debug|Any CPU.Build.0 = Debug|Any CPU
		{761E5B16-E5B9-4C8C-93BB-C062089B47F7}.Debug|x64.ActiveCfg = Debug|Any CPU
		{761E5B16-E5B9-4C8C-93BB-C062089B47F7}.Debug|x64.Build.0 = Debug|Any CPU
		{761E5B16-E5B9-4C8C-93BB-C062089B47F7}.Debug|x86.ActiveCfg = Debug|Any CPU
		{761E5B16-E5B9-4C8C-93BB-C062089B47F7}.Debug|x86.Build.0 = Debug|Any CPU
		{761E5B16-E5B9-4C8C-93BB-C062089B47F7}.Release|Any CPU.ActiveCfg = Release|Any CPU
		{761E5B16-E5B9-4C8C-93BB-C062089B47F7}.Release|Any CPU.Build.0 = Release|Any CPU
		{761E5B16-E5B9-4C8C-93BB-C062089B47F7}.Release|x64.ActiveCfg = Release|Any CPU
		{761E5B16-E5B9-4C8C-93BB-C062089B47F7}.Release|x64.Build.0 = Release|Any CPU
		{761E5B16-E5B9-4C8C-93BB-C062089B47F7}.Release|x86.ActiveCfg = Release|Any CPU
		{761E5B16-E5B9-4C8C-93BB-C062089B47F7}.Release|x86.Build.0 = Release|Any CPU
		{DD92C7B6-42BA-4193-BD30-02675D8C1EF0}.Debug|Any CPU.ActiveCfg = Debug|Any CPU
		{DD92C7B6-42BA-4193-BD30-02675D8C1EF0}.Debug|Any CPU.Build.0 = Debug|Any CPU
		{DD92C7B6-42BA-4193-BD30-02675D8C1EF0}.Debug|x64.ActiveCfg = Debug|Any CPU
		{DD92C7B6-42BA-4193-BD30-02675D8C1EF0}.Debug|x64.Build.0 = Debug|Any CPU
		{DD92C7B6-42BA-4193-BD30-02675D8C1EF0}.Debug|x86.ActiveCfg = Debug|Any CPU
		{DD92C7B6-42BA-4193-BD30-02675D8C1EF0}.Debug|x86.Build.0 = Debug|Any CPU
		{DD92C7B6-42BA-4193-BD30-02675D8C1EF0}.Release|Any CPU.ActiveCfg = Release|Any CPU
		{DD92C7B6-42BA-4193-BD30-02675D8C1EF0}.Release|Any CPU.Build.0 = Release|Any CPU
		{DD92C7B6-42BA-4193-BD30-02675D8C1EF0}.Release|x64.ActiveCfg = Release|Any CPU
		{DD92C7B6-42BA-4193-BD30-02675D8C1EF0}.Release|x64.Build.0 = Release|Any CPU
		{DD92C7B6-42BA-4193-BD30-02675D8C1EF0}.Release|x86.ActiveCfg = Release|Any CPU
		{DD92C7B6-42BA-4193-BD30-02675D8C1EF0}.Release|x86.Build.0 = Release|Any CPU
		{2D115D41-991B-4405-A9C1-49ACD9EFBAB4}.Debug|Any CPU.ActiveCfg = Debug|Any CPU
		{2D115D41-991B-4405-A9C1-49ACD9EFBAB4}.Debug|Any CPU.Build.0 = Debug|Any CPU
		{2D115D41-991B-4405-A9C1-49ACD9EFBAB4}.Debug|x64.ActiveCfg = Debug|Any CPU
		{2D115D41-991B-4405-A9C1-49ACD9EFBAB4}.Debug|x64.Build.0 = Debug|Any CPU
		{2D115D41-991B-4405-A9C1-49ACD9EFBAB4}.Debug|x86.ActiveCfg = Debug|Any CPU
		{2D115D41-991B-4405-A9C1-49ACD9EFBAB4}.Debug|x86.Build.0 = Debug|Any CPU
		{2D115D41-991B-4405-A9C1-49ACD9EFBAB4}.Release|Any CPU.ActiveCfg = Release|Any CPU
		{2D115D41-991B-4405-A9C1-49ACD9EFBAB4}.Release|Any CPU.Build.0 = Release|Any CPU
		{2D115D41-991B-4405-A9C1-49ACD9EFBAB4}.Release|x64.ActiveCfg = Release|Any CPU
		{2D115D41-991B-4405-A9C1-49ACD9EFBAB4}.Release|x64.Build.0 = Release|Any CPU
		{2D115D41-991B-4405-A9C1-49ACD9EFBAB4}.Release|x86.ActiveCfg = Release|Any CPU
		{2D115D41-991B-4405-A9C1-49ACD9EFBAB4}.Release|x86.Build.0 = Release|Any CPU
		{17358715-203F-4AFC-9D18-FBE6C61F4AB1}.Debug|Any CPU.ActiveCfg = Debug|Any CPU
		{17358715-203F-4AFC-9D18-FBE6C61F4AB1}.Debug|Any CPU.Build.0 = Debug|Any CPU
		{17358715-203F-4AFC-9D18-FBE6C61F4AB1}.Debug|x64.ActiveCfg = Debug|Any CPU
		{17358715-203F-4AFC-9D18-FBE6C61F4AB1}.Debug|x64.Build.0 = Debug|Any CPU
		{17358715-203F-4AFC-9D18-FBE6C61F4AB1}.Debug|x86.ActiveCfg = Debug|Any CPU
		{17358715-203F-4AFC-9D18-FBE6C61F4AB1}.Debug|x86.Build.0 = Debug|Any CPU
		{17358715-203F-4AFC-9D18-FBE6C61F4AB1}.Release|Any CPU.ActiveCfg = Release|Any CPU
		{17358715-203F-4AFC-9D18-FBE6C61F4AB1}.Release|Any CPU.Build.0 = Release|Any CPU
		{17358715-203F-4AFC-9D18-FBE6C61F4AB1}.Release|x64.ActiveCfg = Release|Any CPU
		{17358715-203F-4AFC-9D18-FBE6C61F4AB1}.Release|x64.Build.0 = Release|Any CPU
		{17358715-203F-4AFC-9D18-FBE6C61F4AB1}.Release|x86.ActiveCfg = Release|Any CPU
		{17358715-203F-4AFC-9D18-FBE6C61F4AB1}.Release|x86.Build.0 = Release|Any CPU
	EndGlobalSection
	GlobalSection(SolutionProperties) = preSolution
		HideSolutionNode = FALSE
	EndGlobalSection
	GlobalSection(NestedProjects) = preSolution
		{2DDE25E7-3BC8-4C03-301E-495C327021A5} = {827E0CD3-B72D-47B6-A68D-7590B98EB39B}
		{5C33CC0B-A51F-468A-9A20-3E24271A1D8D} = {2DDE25E7-3BC8-4C03-301E-495C327021A5}
		{ED2CEA61-6C81-489B-A825-39F34F742B76} = {2DDE25E7-3BC8-4C03-301E-495C327021A5}
		{CE2653D5-7DFE-4A59-A154-94A78A14FA8D} = {2DDE25E7-3BC8-4C03-301E-495C327021A5}
		{664289F4-DCD6-D41D-7163-C693306A2F35} = {827E0CD3-B72D-47B6-A68D-7590B98EB39B}
		{DE224EF6-3E65-4E5E-8583-5CC0B34A8D88} = {664289F4-DCD6-D41D-7163-C693306A2F35}
		{E75E4B9E-C129-4602-A622-F8616070DC69} = {664289F4-DCD6-D41D-7163-C693306A2F35}
		{D7E875FA-9400-4970-8DC3-DC964ED1CDEF} = {664289F4-DCD6-D41D-7163-C693306A2F35}
		{F7BEE346-2728-4082-9A42-278FB9B9F8B5} = {664289F4-DCD6-D41D-7163-C693306A2F35}
		{274522D8-4253-4659-983D-83B7774B5E79} = {664289F4-DCD6-D41D-7163-C693306A2F35}
		{5ACCEC8D-60C3-4FA9-9A17-8648E6004BFD} = {664289F4-DCD6-D41D-7163-C693306A2F35}
		{6481133B-06E5-4B64-A787-43FC836B3C2D} = {664289F4-DCD6-D41D-7163-C693306A2F35}
		{B3365496-8F6F-4E86-BBBB-E4FBB6F14A83} = {664289F4-DCD6-D41D-7163-C693306A2F35}
		{881D972B-5438-45D8-BE65-1E423D8BB5BC} = {664289F4-DCD6-D41D-7163-C693306A2F35}
		{B3DA23F5-4407-42AD-9DC9-1EB220EE2ADB} = {664289F4-DCD6-D41D-7163-C693306A2F35}
		{988055A2-4FB0-4877-BF28-5FF9656710C8} = {664289F4-DCD6-D41D-7163-C693306A2F35}
		{FB849476-517C-4255-A6B2-180E5324B035} = {664289F4-DCD6-D41D-7163-C693306A2F35}
		{C8F07D8E-B7A8-4059-ACC7-89ED367C2973} = {664289F4-DCD6-D41D-7163-C693306A2F35}
		{56810486-D29E-449F-A8E4-95F0375610A3} = {664289F4-DCD6-D41D-7163-C693306A2F35}
		{15945391-546B-43BC-8A4B-C3DD316295C4} = {664289F4-DCD6-D41D-7163-C693306A2F35}
		{AE50B0D2-1699-48D8-820C-AD9019E2F102} = {664289F4-DCD6-D41D-7163-C693306A2F35}
		{AF2C4D89-5D21-4691-BA43-BE467661FB64} = {664289F4-DCD6-D41D-7163-C693306A2F35}
		{944F15E5-70FA-4809-811E-209666B9BC98} = {664289F4-DCD6-D41D-7163-C693306A2F35}
		{1F7C3931-870B-4ED9-AE56-D98474383B72} = {664289F4-DCD6-D41D-7163-C693306A2F35}
		{761E5B16-E5B9-4C8C-93BB-C062089B47F7} = {664289F4-DCD6-D41D-7163-C693306A2F35}
		{DD92C7B6-42BA-4193-BD30-02675D8C1EF0} = {664289F4-DCD6-D41D-7163-C693306A2F35}
		{2D115D41-991B-4405-A9C1-49ACD9EFBAB4} = {664289F4-DCD6-D41D-7163-C693306A2F35}
		{93D007DF-0658-4AC1-FBB8-A8BE14510E37} = {827E0CD3-B72D-47B6-A68D-7590B98EB39B}
		{17358715-203F-4AFC-9D18-FBE6C61F4AB1} = {93D007DF-0658-4AC1-FBB8-A8BE14510E37}
	EndGlobalSection
EndGlobal
